FORGE
  remote: http://forge.puppetlabs.com
  specs:
    puppetlabs/apt (1.2.0)
      puppetlabs/stdlib (>= 2.2.1)
    puppetlabs/mongodb (0.1.0)
      puppetlabs/apt (>= 0.0.2)
    puppetlabs/stdlib (4.1.0)

GIT
  remote: git://github.com/blt04/puppet-rvm.git
  ref: master
  sha: 6b5591f297b1a46fc19e110e9c1031d80a326dce
  specs:
    rvm (1.0.0)

DEPENDENCIES
  puppetlabs/mongodb (= 0.1.0)
  rvm (>= 0)

